// !$*UTF8*$!
{
	archiveVersion = 1;
	classes = {
	};
	objectVersion = 50;
	objects = {

/* Begin PBXBuildFile section */
		B63B6226246E791000849270 /* AppDelegate.swift in Sources */ = {isa = PBXBuildFile; fileRef = B63B6225246E791000849270 /* AppDelegate.swift */; };
		B63B6228246E791000849270 /* SceneDelegate.swift in Sources */ = {isa = PBXBuildFile; fileRef = B63B6227246E791000849270 /* SceneDelegate.swift */; };
		B63B622A246E791000849270 /* ModuleViewController.swift in Sources */ = {isa = PBXBuildFile; fileRef = B63B6229246E791000849270 /* ModuleViewController.swift */; };
		B63B622D246E791000849270 /* Main.storyboard in Resources */ = {isa = PBXBuildFile; fileRef = B63B622B246E791000849270 /* Main.storyboard */; };
		B63B622F246E791400849270 /* Assets.xcassets in Resources */ = {isa = PBXBuildFile; fileRef = B63B622E246E791400849270 /* Assets.xcassets */; };
		B63B6232246E791400849270 /* LaunchScreen.storyboard in Resources */ = {isa = PBXBuildFile; fileRef = B63B6230246E791400849270 /* LaunchScreen.storyboard */; };
		B63B623D246E791400849270 /* SampleMVCTests.swift in Sources */ = {isa = PBXBuildFile; fileRef = B63B623C246E791400849270 /* SampleMVCTests.swift */; };
		B63B624A246E795000849270 /* site-prod.xcconfig in Resources */ = {isa = PBXBuildFile; fileRef = B63B6247246E795000849270 /* site-prod.xcconfig */; };
		B63B624B246E795000849270 /* site-staging.xcconfig in Resources */ = {isa = PBXBuildFile; fileRef = B63B6248246E795000849270 /* site-staging.xcconfig */; };
		B63B624C246E795000849270 /* site-debug.xcconfig in Resources */ = {isa = PBXBuildFile; fileRef = B63B6249246E795000849270 /* site-debug.xcconfig */; };
		B63B6250246E79BB00849270 /* Module.swift in Sources */ = {isa = PBXBuildFile; fileRef = B63B624F246E79BB00849270 /* Module.swift */; };
		B63B6254246E7B2200849270 /* ConfigProvider.swift in Sources */ = {isa = PBXBuildFile; fileRef = B63B6253246E7B2200849270 /* ConfigProvider.swift */; };
/* End PBXBuildFile section */

/* Begin PBXContainerItemProxy section */
		B63B6239246E791400849270 /* PBXContainerItemProxy */ = {
			isa = PBXContainerItemProxy;
			containerPortal = B63B621A246E791000849270 /* Project object */;
			proxyType = 1;
			remoteGlobalIDString = B63B6221246E791000849270;
			remoteInfo = SampleMVC;
		};
/* End PBXContainerItemProxy section */

/* Begin PBXFileReference section */
		B63B6222246E791000849270 /* SampleMVC.app */ = {isa = PBXFileReference; explicitFileType = wrapper.application; includeInIndex = 0; path = SampleMVC.app; sourceTree = BUILT_PRODUCTS_DIR; };
		B63B6225246E791000849270 /* AppDelegate.swift */ = {isa = PBXFileReference; lastKnownFileType = sourcecode.swift; path = AppDelegate.swift; sourceTree = "<group>"; };
		B63B6227246E791000849270 /* SceneDelegate.swift */ = {isa = PBXFileReference; lastKnownFileType = sourcecode.swift; path = SceneDelegate.swift; sourceTree = "<group>"; };
		B63B6229246E791000849270 /* ModuleViewController.swift */ = {isa = PBXFileReference; lastKnownFileType = sourcecode.swift; path = ModuleViewController.swift; sourceTree = "<group>"; };
		B63B622C246E791000849270 /* Base */ = {isa = PBXFileReference; lastKnownFileType = file.storyboard; name = Base; path = Base.lproj/Main.storyboard; sourceTree = "<group>"; };
		B63B622E246E791400849270 /* Assets.xcassets */ = {isa = PBXFileReference; lastKnownFileType = folder.assetcatalog; path = Assets.xcassets; sourceTree = "<group>"; };
		B63B6231246E791400849270 /* Base */ = {isa = PBXFileReference; lastKnownFileType = file.storyboard; name = Base; path = Base.lproj/LaunchScreen.storyboard; sourceTree = "<group>"; };
		B63B6233246E791400849270 /* Info.plist */ = {isa = PBXFileReference; lastKnownFileType = text.plist.xml; path = Info.plist; sourceTree = "<group>"; };
		B63B6238246E791400849270 /* SampleMVCTests.xctest */ = {isa = PBXFileReference; explicitFileType = wrapper.cfbundle; includeInIndex = 0; path = SampleMVCTests.xctest; sourceTree = BUILT_PRODUCTS_DIR; };
		B63B623C246E791400849270 /* SampleMVCTests.swift */ = {isa = PBXFileReference; lastKnownFileType = sourcecode.swift; path = SampleMVCTests.swift; sourceTree = "<group>"; };
		B63B623E246E791400849270 /* Info.plist */ = {isa = PBXFileReference; lastKnownFileType = text.plist.xml; path = Info.plist; sourceTree = "<group>"; };
		B63B6247246E795000849270 /* site-prod.xcconfig */ = {isa = PBXFileReference; fileEncoding = 4; lastKnownFileType = text.xcconfig; path = "site-prod.xcconfig"; sourceTree = "<group>"; };
		B63B6248246E795000849270 /* site-staging.xcconfig */ = {isa = PBXFileReference; fileEncoding = 4; lastKnownFileType = text.xcconfig; path = "site-staging.xcconfig"; sourceTree = "<group>"; };
		B63B6249246E795000849270 /* site-debug.xcconfig */ = {isa = PBXFileReference; fileEncoding = 4; lastKnownFileType = text.xcconfig; path = "site-debug.xcconfig"; sourceTree = "<group>"; };
		B63B624F246E79BB00849270 /* Module.swift */ = {isa = PBXFileReference; lastKnownFileType = sourcecode.swift; path = Module.swift; sourceTree = "<group>"; };
		B63B6253246E7B2200849270 /* ConfigProvider.swift */ = {isa = PBXFileReference; fileEncoding = 4; lastKnownFileType = sourcecode.swift; path = ConfigProvider.swift; sourceTree = "<group>"; };
/* End PBXFileReference section */

/* Begin PBXFrameworksBuildPhase section */
		B63B621F246E791000849270 /* Frameworks */ = {
			isa = PBXFrameworksBuildPhase;
			buildActionMask = 2147483647;
			files = (
			);
			runOnlyForDeploymentPostprocessing = 0;
		};
		B63B6235246E791400849270 /* Frameworks */ = {
			isa = PBXFrameworksBuildPhase;
			buildActionMask = 2147483647;
			files = (
			);
			runOnlyForDeploymentPostprocessing = 0;
		};
/* End PBXFrameworksBuildPhase section */

/* Begin PBXGroup section */
		B63B6219246E791000849270 = {
			isa = PBXGroup;
			children = (
				B63B6224246E791000849270 /* SampleMVC */,
				B63B623B246E791400849270 /* SampleMVCTests */,
				B63B6223246E791000849270 /* Products */,
			);
			sourceTree = "<group>";
		};
		B63B6223246E791000849270 /* Products */ = {
			isa = PBXGroup;
			children = (
				B63B6222246E791000849270 /* SampleMVC.app */,
				B63B6238246E791400849270 /* SampleMVCTests.xctest */,
			);
			name = Products;
			sourceTree = "<group>";
		};
		B63B6224246E791000849270 /* SampleMVC */ = {
			isa = PBXGroup;
			children = (
				B63B6233246E791400849270 /* Info.plist */,
				B63B622E246E791400849270 /* Assets.xcassets */,
				B63B6252246E7A2700849270 /* Application */,
				B63B624D246E795600849270 /* Configuration */,
				B63B624E246E798C00849270 /* Module */,
				B63B6251246E7A1900849270 /* View */,
			);
			path = SampleMVC;
			sourceTree = "<group>";
		};
		B63B623B246E791400849270 /* SampleMVCTests */ = {
			isa = PBXGroup;
			children = (
				B63B623C246E791400849270 /* SampleMVCTests.swift */,
				B63B623E246E791400849270 /* Info.plist */,
			);
			path = SampleMVCTests;
			sourceTree = "<group>";
		};
		B63B624D246E795600849270 /* Configuration */ = {
			isa = PBXGroup;
			children = (
				B63B6253246E7B2200849270 /* ConfigProvider.swift */,
				B63B6249246E795000849270 /* site-debug.xcconfig */,
				B63B6247246E795000849270 /* site-prod.xcconfig */,
				B63B6248246E795000849270 /* site-staging.xcconfig */,
			);
			path = Configuration;
			sourceTree = "<group>";
		};
		B63B624E246E798C00849270 /* Module */ = {
			isa = PBXGroup;
			children = (
				B63B6229246E791000849270 /* ModuleViewController.swift */,
				B63B624F246E79BB00849270 /* Module.swift */,
			);
			path = Module;
			sourceTree = "<group>";
		};
		B63B6251246E7A1900849270 /* View */ = {
			isa = PBXGroup;
			children = (
				B63B6230246E791400849270 /* LaunchScreen.storyboard */,
				B63B622B246E791000849270 /* Main.storyboard */,
			);
			path = View;
			sourceTree = "<group>";
		};
		B63B6252246E7A2700849270 /* Application */ = {
			isa = PBXGroup;
			children = (
				B63B6225246E791000849270 /* AppDelegate.swift */,
				B63B6227246E791000849270 /* SceneDelegate.swift */,
			);
			path = Application;
			sourceTree = "<group>";
		};
/* End PBXGroup section */

/* Begin PBXNativeTarget section */
		B63B6221246E791000849270 /* SampleMVC */ = {
			isa = PBXNativeTarget;
			buildConfigurationList = B63B6241246E791400849270 /* Build configuration list for PBXNativeTarget "SampleMVC" */;
			buildPhases = (
				B63B621E246E791000849270 /* Sources */,
				B63B621F246E791000849270 /* Frameworks */,
				B63B6220246E791000849270 /* Resources */,
			);
			buildRules = (
			);
			dependencies = (
			);
			name = SampleMVC;
			productName = SampleMVC;
			productReference = B63B6222246E791000849270 /* SampleMVC.app */;
			productType = "com.apple.product-type.application";
		};
		B63B6237246E791400849270 /* SampleMVCTests */ = {
			isa = PBXNativeTarget;
			buildConfigurationList = B63B6244246E791400849270 /* Build configuration list for PBXNativeTarget "SampleMVCTests" */;
			buildPhases = (
				B63B6234246E791400849270 /* Sources */,
				B63B6235246E791400849270 /* Frameworks */,
				B63B6236246E791400849270 /* Resources */,
			);
			buildRules = (
			);
			dependencies = (
				B63B623A246E791400849270 /* PBXTargetDependency */,
			);
			name = SampleMVCTests;
			productName = SampleMVCTests;
			productReference = B63B6238246E791400849270 /* SampleMVCTests.xctest */;
			productType = "com.apple.product-type.bundle.unit-test";
		};
/* End PBXNativeTarget section */

/* Begin PBXProject section */
		B63B621A246E791000849270 /* Project object */ = {
			isa = PBXProject;
			attributes = {
				LastSwiftUpdateCheck = 1130;
				LastUpgradeCheck = 1130;
				ORGANIZATIONNAME = "Karthik Aiyer";
				TargetAttributes = {
					B63B6221246E791000849270 = {
						CreatedOnToolsVersion = 11.3.1;
					};
					B63B6237246E791400849270 = {
						CreatedOnToolsVersion = 11.3.1;
						TestTargetID = B63B6221246E791000849270;
					};
				};
			};
			buildConfigurationList = B63B621D246E791000849270 /* Build configuration list for PBXProject "SampleMVC" */;
			compatibilityVersion = "Xcode 9.3";
			developmentRegion = en;
			hasScannedForEncodings = 0;
			knownRegions = (
				en,
				Base,
			);
			mainGroup = B63B6219246E791000849270;
			productRefGroup = B63B6223246E791000849270 /* Products */;
			projectDirPath = "";
			projectRoot = "";
			targets = (
				B63B6221246E791000849270 /* SampleMVC */,
				B63B6237246E791400849270 /* SampleMVCTests */,
			);
		};
/* End PBXProject section */

/* Begin PBXResourcesBuildPhase section */
		B63B6220246E791000849270 /* Resources */ = {
			isa = PBXResourcesBuildPhase;
			buildActionMask = 2147483647;
			files = (
				B63B624A246E795000849270 /* site-prod.xcconfig in Resources */,
				B63B6232246E791400849270 /* LaunchScreen.storyboard in Resources */,
				B63B624B246E795000849270 /* site-staging.xcconfig in Resources */,
				B63B624C246E795000849270 /* site-debug.xcconfig in Resources */,
				B63B622F246E791400849270 /* Assets.xcassets in Resources */,
				B63B622D246E791000849270 /* Main.storyboard in Resources */,
			);
			runOnlyForDeploymentPostprocessing = 0;
		};
		B63B6236246E791400849270 /* Resources */ = {
			isa = PBXResourcesBuildPhase;
			buildActionMask = 2147483647;
			files = (
			);
			runOnlyForDeploymentPostprocessing = 0;
		};
/* End PBXResourcesBuildPhase section */

/* Begin PBXSourcesBuildPhase section */
		B63B621E246E791000849270 /* Sources */ = {
			isa = PBXSourcesBuildPhase;
			buildActionMask = 2147483647;
			files = (
				B63B622A246E791000849270 /* ModuleViewController.swift in Sources */,
				B63B6250246E79BB00849270 /* Module.swift in Sources */,
				B63B6254246E7B2200849270 /* ConfigProvider.swift in Sources */,
				B63B6226246E791000849270 /* AppDelegate.swift in Sources */,
				B63B6228246E791000849270 /* SceneDelegate.swift in Sources */,
			);
			runOnlyForDeploymentPostprocessing = 0;
		};
		B63B6234246E791400849270 /* Sources */ = {
			isa = PBXSourcesBuildPhase;
			buildActionMask = 2147483647;
			files = (
				B63B623D246E791400849270 /* SampleMVCTests.swift in Sources */,
			);
			runOnlyForDeploymentPostprocessing = 0;
		};
/* End PBXSourcesBuildPhase section */

/* Begin PBXTargetDependency section */
		B63B623A246E791400849270 /* PBXTargetDependency */ = {
			isa = PBXTargetDependency;
			target = B63B6221246E791000849270 /* SampleMVC */;
			targetProxy = B63B6239246E791400849270 /* PBXContainerItemProxy */;
		};
/* End PBXTargetDependency section */

/* Begin PBXVariantGroup section */
		B63B622B246E791000849270 /* Main.storyboard */ = {
			isa = PBXVariantGroup;
			children = (
				B63B622C246E791000849270 /* Base */,
			);
			name = Main.storyboard;
			sourceTree = "<group>";
		};
		B63B6230246E791400849270 /* LaunchScreen.storyboard */ = {
			isa = PBXVariantGroup;
			children = (
				B63B6231246E791400849270 /* Base */,
			);
			name = LaunchScreen.storyboard;
			sourceTree = "<group>";
		};
/* End PBXVariantGroup section */

/* Begin XCBuildConfiguration section */
		B63B623F246E791400849270 /* Debug */ = {
			isa = XCBuildConfiguration;
			baseConfigurationReference = B63B6249246E795000849270 /* site-debug.xcconfig */;
			buildSettings = {
				ALWAYS_SEARCH_USER_PATHS = NO;
				CLANG_ANALYZER_NONNULL = YES;
				CLANG_ANALYZER_NUMBER_OBJECT_CONVERSION = YES_AGGRESSIVE;
				CLANG_CXX_LANGUAGE_STANDARD = "gnu++14";
				CLANG_CXX_LIBRARY = "libc++";
				CLANG_ENABLE_MODULES = YES;
				CLANG_ENABLE_OBJC_ARC = YES;
				CLANG_ENABLE_OBJC_WEAK = YES;
				CLANG_WARN_BLOCK_CAPTURE_AUTORELEASING = YES;
				CLANG_WARN_BOOL_CONVERSION = YES;
				CLANG_WARN_COMMA = YES;
				CLANG_WARN_CONSTANT_CONVERSION = YES;
				CLANG_WARN_DEPRECATED_OBJC_IMPLEMENTATIONS = YES;
				CLANG_WARN_DIRECT_OBJC_ISA_USAGE = YES_ERROR;
				CLANG_WARN_DOCUMENTATION_COMMENTS = YES;
				CLANG_WARN_EMPTY_BODY = YES;
				CLANG_WARN_ENUM_CONVERSION = YES;
				CLANG_WARN_INFINITE_RECURSION = YES;
				CLANG_WARN_INT_CONVERSION = YES;
				CLANG_WARN_NON_LITERAL_NULL_CONVERSION = YES;
				CLANG_WARN_OBJC_IMPLICIT_RETAIN_SELF = YES;
				CLANG_WARN_OBJC_LITERAL_CONVERSION = YES;
				CLANG_WARN_OBJC_ROOT_CLASS = YES_ERROR;
				CLANG_WARN_RANGE_LOOP_ANALYSIS = YES;
				CLANG_WARN_STRICT_PROTOTYPES = YES;
				CLANG_WARN_SUSPICIOUS_MOVE = YES;
				CLANG_WARN_UNGUARDED_AVAILABILITY = YES_AGGRESSIVE;
				CLANG_WARN_UNREACHABLE_CODE = YES;
				CLANG_WARN__DUPLICATE_METHOD_MATCH = YES;
				COPY_PHASE_STRIP = NO;
				DEBUG_INFORMATION_FORMAT = dwarf;
				ENABLE_STRICT_OBJC_MSGSEND = YES;
				ENABLE_TESTABILITY = YES;
				GCC_C_LANGUAGE_STANDARD = gnu11;
				GCC_DYNAMIC_NO_PIC = NO;
				GCC_NO_COMMON_BLOCKS = YES;
				GCC_OPTIMIZATION_LEVEL = 0;
				GCC_PREPROCESSOR_DEFINITIONS = (
					"DEBUG=1",
					"$(inherited)",
				);
				GCC_WARN_64_TO_32_BIT_CONVERSION = YES;
				GCC_WARN_ABOUT_RETURN_TYPE = YES_ERROR;
				GCC_WARN_UNDECLARED_SELECTOR = YES;
				GCC_WARN_UNINITIALIZED_AUTOS = YES_AGGRESSIVE;
				GCC_WARN_UNUSED_FUNCTION = YES;
				GCC_WARN_UNUSED_VARIABLE = YES;
				IPHONEOS_DEPLOYMENT_TARGET = 13.2;
				MTL_ENABLE_DEBUG_INFO = INCLUDE_SOURCE;
				MTL_FAST_MATH = YES;
				ONLY_ACTIVE_ARCH = YES;
				SDKROOT = iphoneos;
				SWIFT_ACTIVE_COMPILATION_CONDITIONS = DEBUG;
				SWIFT_OPTIMIZATION_LEVEL = "-Onone";
			};
			name = Debug;
		};
		B63B6240246E791400849270 /* Release */ = {
			isa = XCBuildConfiguration;
			baseConfigurationReference = B63B6247246E795000849270 /* site-prod.xcconfig */;
			buildSettings = {
				ALWAYS_SEARCH_USER_PATHS = NO;
				CLANG_ANALYZER_NONNULL = YES;
				CLANG_ANALYZER_NUMBER_OBJECT_CONVERSION = YES_AGGRESSIVE;
				CLANG_CXX_LANGUAGE_STANDARD = "gnu++14";
				CLANG_CXX_LIBRARY = "libc++";
				CLANG_ENABLE_MODULES = YES;
				CLANG_ENABLE_OBJC_ARC = YES;
				CLANG_ENABLE_OBJC_WEAK = YES;
				CLANG_WARN_BLOCK_CAPTURE_AUTORELEASING = YES;
				CLANG_WARN_BOOL_CONVERSION = YES;
				CLANG_WARN_COMMA = YES;
				CLANG_WARN_CONSTANT_CONVERSION = YES;
				CLANG_WARN_DEPRECATED_OBJC_IMPLEMENTATIONS = YES;
				CLANG_WARN_DIRECT_OBJC_ISA_USAGE = YES_ERROR;
				CLANG_WARN_DOCUMENTATION_COMMENTS = YES;
				CLANG_WARN_EMPTY_BODY = YES;
				CLANG_WARN_ENUM_CONVERSION = YES;
				CLANG_WARN_INFINITE_RECURSION = YES;
				CLANG_WARN_INT_CONVERSION = YES;
				CLANG_WARN_NON_LITERAL_NULL_CONVERSION = YES;
				CLANG_WARN_OBJC_IMPLICIT_RETAIN_SELF = YES;
				CLANG_WARN_OBJC_LITERAL_CONVERSION = YES;
				CLANG_WARN_OBJC_ROOT_CLASS = YES_ERROR;
				CLANG_WARN_RANGE_LOOP_ANALYSIS = YES;
				CLANG_WARN_STRICT_PROTOTYPES = YES;
				CLANG_WARN_SUSPICIOUS_MOVE = YES;
				CLANG_WARN_UNGUARDED_AVAILABILITY = YES_AGGRESSIVE;
				CLANG_WARN_UNREACHABLE_CODE = YES;
				CLANG_WARN__DUPLICATE_METHOD_MATCH = YES;
				COPY_PHASE_STRIP = NO;
				DEBUG_INFORMATION_FORMAT = "dwarf-with-dsym";
				ENABLE_NS_ASSERTIONS = NO;
				ENABLE_STRICT_OBJC_MSGSEND = YES;
				GCC_C_LANGUAGE_STANDARD = gnu11;
				GCC_NO_COMMON_BLOCKS = YES;
				GCC_WARN_64_TO_32_BIT_CONVERSION = YES;
				GCC_WARN_ABOUT_RETURN_TYPE = YES_ERROR;
				GCC_WARN_UNDECLARED_SELECTOR = YES;
				GCC_WARN_UNINITIALIZED_AUTOS = YES_AGGRESSIVE;
				GCC_WARN_UNUSED_FUNCTION = YES;
				GCC_WARN_UNUSED_VARIABLE = YES;
				IPHONEOS_DEPLOYMENT_TARGET = 13.2;
				MTL_ENABLE_DEBUG_INFO = NO;
				MTL_FAST_MATH = YES;
				SDKROOT = iphoneos;
				SWIFT_COMPILATION_MODE = wholemodule;
				SWIFT_OPTIMIZATION_LEVEL = "-O";
				VALIDATE_PRODUCT = YES;
			};
			name = Release;
		};
		B63B6242246E791400849270 /* Debug */ = {
			isa = XCBuildConfiguration;
			buildSettings = {
				ASSETCATALOG_COMPILER_APPICON_NAME = AppIconDebug;
				CODE_SIGN_STYLE = Automatic;
				DEVELOPMENT_TEAM = ETGY6SE22U;
				INFOPLIST_FILE = SampleMVC/Info.plist;
				LD_RUNPATH_SEARCH_PATHS = (
					"$(inherited)",
					"@executable_path/Frameworks",
				);
				PRODUCT_BUNDLE_IDENTIFIER = com.company.samples.SampleMVC;
				PRODUCT_NAME = "$(TARGET_NAME)";
				SWIFT_VERSION = 5.0;
				TARGETED_DEVICE_FAMILY = "1,2";
			};
			name = Debug;
		};
		B63B6243246E791400849270 /* Release */ = {
			isa = XCBuildConfiguration;
			buildSettings = {
				ASSETCATALOG_COMPILER_APPICON_NAME = AppIcon;
				CODE_SIGN_STYLE = Automatic;
				DEVELOPMENT_TEAM = ETGY6SE22U;
				INFOPLIST_FILE = SampleMVC/Info.plist;
				LD_RUNPATH_SEARCH_PATHS = (
					"$(inherited)",
					"@executable_path/Frameworks",
				);
				PRODUCT_BUNDLE_IDENTIFIER = com.company.samples.SampleMVC;
				PRODUCT_NAME = "$(TARGET_NAME)";
				SWIFT_VERSION = 5.0;
				TARGETED_DEVICE_FAMILY = "1,2";
			};
			name = Release;
		};
		B63B6245246E791400849270 /* Debug */ = {
			isa = XCBuildConfiguration;
			buildSettings = {
				ALWAYS_EMBED_SWIFT_STANDARD_LIBRARIES = YES;
				BUNDLE_LOADER = "$(TEST_HOST)";
				CODE_SIGN_STYLE = Automatic;
				DEVELOPMENT_TEAM = ETGY6SE22U;
				INFOPLIST_FILE = SampleMVCTests/Info.plist;
				IPHONEOS_DEPLOYMENT_TARGET = 13.2;
				LD_RUNPATH_SEARCH_PATHS = (
					"$(inherited)",
					"@executable_path/Frameworks",
					"@loader_path/Frameworks",
				);
				PRODUCT_BUNDLE_IDENTIFIER = com.company.samples.SampleMVCTests;
				PRODUCT_NAME = "$(TARGET_NAME)";
				SWIFT_VERSION = 5.0;
				TARGETED_DEVICE_FAMILY = "1,2";
				TEST_HOST = "$(BUILT_PRODUCTS_DIR)/SampleMVC.app/SampleMVC";
			};
			name = Debug;
		};
		B63B6246246E791400849270 /* Release */ = {
			isa = XCBuildConfiguration;
			buildSettings = {
				ALWAYS_EMBED_SWIFT_STANDARD_LIBRARIES = YES;
				BUNDLE_LOADER = "$(TEST_HOST)";
				CODE_SIGN_STYLE = Automatic;
				DEVELOPMENT_TEAM = ETGY6SE22U;
				INFOPLIST_FILE = SampleMVCTests/Info.plist;
				IPHONEOS_DEPLOYMENT_TARGET = 13.2;
				LD_RUNPATH_SEARCH_PATHS = (
					"$(inherited)",
					"@executable_path/Frameworks",
					"@loader_path/Frameworks",
				);
				PRODUCT_BUNDLE_IDENTIFIER = com.company.samples.SampleMVCTests;
				PRODUCT_NAME = "$(TARGET_NAME)";
				SWIFT_VERSION = 5.0;
				TARGETED_DEVICE_FAMILY = "1,2";
				TEST_HOST = "$(BUILT_PRODUCTS_DIR)/SampleMVC.app/SampleMVC";
			};
			name = Release;
		};
		B63B6255246E7BC400849270 /* Staging */ = {
			isa = XCBuildConfiguration;
			baseConfigurationReference = B63B6248246E795000849270 /* site-staging.xcconfig */;
			buildSettings = {
				ALWAYS_SEARCH_USER_PATHS = NO;
				CLANG_ANALYZER_NONNULL = YES;
				CLANG_ANALYZER_NUMBER_OBJECT_CONVERSION = YES_AGGRESSIVE;
				CLANG_CXX_LANGUAGE_STANDARD = "gnu++14";
				CLANG_CXX_LIBRARY = "libc++";
				CLANG_ENABLE_MODULES = YES;
				CLANG_ENABLE_OBJC_ARC = YES;
				CLANG_ENABLE_OBJC_WEAK = YES;
				CLANG_WARN_BLOCK_CAPTURE_AUTORELEASING = YES;
				CLANG_WARN_BOOL_CONVERSION = YES;
				CLANG_WARN_COMMA = YES;
				CLANG_WARN_CONSTANT_CONVERSION = YES;
				CLANG_WARN_DEPRECATED_OBJC_IMPLEMENTATIONS = YES;
				CLANG_WARN_DIRECT_OBJC_ISA_USAGE = YES_ERROR;
				CLANG_WARN_DOCUMENTATION_COMMENTS = YES;
				CLANG_WARN_EMPTY_BODY = YES;
				CLANG_WARN_ENUM_CONVERSION = YES;
				CLANG_WARN_INFINITE_RECURSION = YES;
				CLANG_WARN_INT_CONVERSION = YES;
				CLANG_WARN_NON_LITERAL_NULL_CONVERSION = YES;
				CLANG_WARN_OBJC_IMPLICIT_RETAIN_SELF = YES;
				CLANG_WARN_OBJC_LITERAL_CONVERSION = YES;
				CLANG_WARN_OBJC_ROOT_CLASS = YES_ERROR;
				CLANG_WARN_RANGE_LOOP_ANALYSIS = YES;
				CLANG_WARN_STRICT_PROTOTYPES = YES;
				CLANG_WARN_SUSPICIOUS_MOVE = YES;
				CLANG_WARN_UNGUARDED_AVAILABILITY = YES_AGGRESSIVE;
				CLANG_WARN_UNREACHABLE_CODE = YES;
				CLANG_WARN__DUPLICATE_METHOD_MATCH = YES;
				COPY_PHASE_STRIP = NO;
				DEBUG_INFORMATION_FORMAT = "dwarf-with-dsym";
				ENABLE_NS_ASSERTIONS = NO;
				ENABLE_STRICT_OBJC_MSGSEND = YES;
				GCC_C_LANGUAGE_STANDARD = gnu11;
				GCC_NO_COMMON_BLOCKS = YES;
				GCC_WARN_64_TO_32_BIT_CONVERSION = YES;
				GCC_WARN_ABOUT_RETURN_TYPE = YES_ERROR;
				GCC_WARN_UNDECLARED_SELECTOR = YES;
				GCC_WARN_UNINITIALIZED_AUTOS = YES_AGGRESSIVE;
				GCC_WARN_UNUSED_FUNCTION = YES;
				GCC_WARN_UNUSED_VARIABLE = YES;
				IPHONEOS_DEPLOYMENT_TARGET = 13.2;
				MTL_ENABLE_DEBUG_INFO = NO;
				MTL_FAST_MATH = YES;
				SDKROOT = iphoneos;
				SWIFT_COMPILATION_MODE = wholemodule;
				SWIFT_OPTIMIZATION_LEVEL = "-O";
				VALIDATE_PRODUCT = YES;
			};
			name = Staging;
		};
		B63B6256246E7BC400849270 /* Staging */ = {
			isa = XCBuildConfiguration;
			buildSettings = {
				ASSETCATALOG_COMPILER_APPICON_NAME = AppIconStaging;
				CODE_SIGN_STYLE = Automatic;
				DEVELOPMENT_TEAM = ETGY6SE22U;
				INFOPLIST_FILE = SampleMVC/Info.plist;
				LD_RUNPATH_SEARCH_PATHS = (
					"$(inherited)",
					"@executable_path/Frameworks",
				);
				PRODUCT_BUNDLE_IDENTIFIER = com.company.samples.SampleMVC;
				PRODUCT_NAME = "$(TARGET_NAME)";
				SWIFT_VERSION = 5.0;
				TARGETED_DEVICE_FAMILY = "1,2";
			};
			name = Staging;
		};
		B63B6257246E7BC400849270 /* Staging */ = {
			isa = XCBuildConfiguration;
			buildSettings = {
				ALWAYS_EMBED_SWIFT_STANDARD_LIBRARIES = YES;
				BUNDLE_LOADER = "$(TEST_HOST)";
				CODE_SIGN_STYLE = Automatic;
				DEVELOPMENT_TEAM = ETGY6SE22U;
				INFOPLIST_FILE = SampleMVCTests/Info.plist;
				IPHONEOS_DEPLOYMENT_TARGET = 13.2;
				LD_RUNPATH_SEARCH_PATHS = (
					"$(inherited)",
					"@executable_path/Frameworks",
					"@loader_path/Frameworks",
				);
				PRODUCT_BUNDLE_IDENTIFIER = com.company.samples.SampleMVCTests;
				PRODUCT_NAME = "$(TARGET_NAME)";
				SWIFT_VERSION = 5.0;
				TARGETED_DEVICE_FAMILY = "1,2";
				TEST_HOST = "$(BUILT_PRODUCTS_DIR)/SampleMVC.app/SampleMVC";
			};
			name = Staging;
		};
/* End XCBuildConfiguration section */

/* Begin XCConfigurationList section */
		B63B621D246E791000849270 /* Build configuration list for PBXProject "SampleMVC" */ = {
			isa = XCConfigurationList;
			buildConfigurations = (
				B63B623F246E791400849270 /* Debug */,
				B63B6240246E791400849270 /* Release */,
				B63B6255246E7BC400849270 /* Staging */,
			);
			defaultConfigurationIsVisible = 0;
			defaultConfigurationName = Release;
		};
		B63B6241246E791400849270 /* Build configuration list for PBXNativeTarget "SampleMVC" */ = {
			isa = XCConfigurationList;
			buildConfigurations = (
				B63B6242246E791400849270 /* Debug */,
				B63B6243246E791400849270 /* Release */,
				B63B6256246E7BC400849270 /* Staging */,
			);
			defaultConfigurationIsVisible = 0;
			defaultConfigurationName = Release;
		};
		B63B6244246E791400849270 /* Build configuration list for PBXNativeTarget "SampleMVCTests" */ = {
			isa = XCConfigurationList;
			buildConfigurations = (
				B63B6245246E791400849270 /* Debug */,
				B63B6246246E791400849270 /* Release */,
				B63B6257246E7BC400849270 /* Staging */,
			);
			defaultConfigurationIsVisible = 0;
			defaultConfigurationName = Release;
		};
/* End XCConfigurationList section */
	};
	rootObject = B63B621A246E791000849270 /* Project object */;
}
