// !$*UTF8*$!
{
	archiveVersion = 1;
	classes = {
	};
	objectVersion = 50;
	objects = {

/* Begin PBXBuildFile section */
		B67E162D24738D4300CA5496 /* AppDelegate.swift in Sources */ = {isa = PBXBuildFile; fileRef = B67E162C24738D4300CA5496 /* AppDelegate.swift */; };
		B67E162F24738D4300CA5496 /* SceneDelegate.swift in Sources */ = {isa = PBXBuildFile; fileRef = B67E162E24738D4300CA5496 /* SceneDelegate.swift */; };
		B67E163124738D4300CA5496 /* ModuleViewController.swift in Sources */ = {isa = PBXBuildFile; fileRef = B67E163024738D4300CA5496 /* ModuleViewController.swift */; };
		B67E163424738D4300CA5496 /* Main.storyboard in Resources */ = {isa = PBXBuildFile; fileRef = B67E163224738D4300CA5496 /* Main.storyboard */; };
		B67E163624738D4600CA5496 /* Assets.xcassets in Resources */ = {isa = PBXBuildFile; fileRef = B67E163524738D4600CA5496 /* Assets.xcassets */; };
		B67E163924738D4600CA5496 /* LaunchScreen.storyboard in Resources */ = {isa = PBXBuildFile; fileRef = B67E163724738D4600CA5496 /* LaunchScreen.storyboard */; };
		B67E164424738D4600CA5496 /* SampleMVVMTests.swift in Sources */ = {isa = PBXBuildFile; fileRef = B67E164324738D4600CA5496 /* SampleMVVMTests.swift */; };
		B67E166224738E5500CA5496 /* site-debug.xcconfig in Resources */ = {isa = PBXBuildFile; fileRef = B67E165D24738E5500CA5496 /* site-debug.xcconfig */; };
		B67E166324738E5500CA5496 /* Module.swift in Sources */ = {isa = PBXBuildFile; fileRef = B67E165E24738E5500CA5496 /* Module.swift */; };
		B67E166424738E5500CA5496 /* site-prod.xcconfig in Resources */ = {isa = PBXBuildFile; fileRef = B67E165F24738E5500CA5496 /* site-prod.xcconfig */; };
		B67E166524738E5500CA5496 /* ConfigProvider.swift in Sources */ = {isa = PBXBuildFile; fileRef = B67E166024738E5500CA5496 /* ConfigProvider.swift */; };
		B67E166624738E5500CA5496 /* site-staging.xcconfig in Resources */ = {isa = PBXBuildFile; fileRef = B67E166124738E5500CA5496 /* site-staging.xcconfig */; };
		B67E166B24738EAA00CA5496 /* ModuleViewModel.swift in Sources */ = {isa = PBXBuildFile; fileRef = B67E166A24738EAA00CA5496 /* ModuleViewModel.swift */; };
/* End PBXBuildFile section */

/* Begin PBXContainerItemProxy section */
		B67E164024738D4600CA5496 /* PBXContainerItemProxy */ = {
			isa = PBXContainerItemProxy;
			containerPortal = B67E162124738D4300CA5496 /* Project object */;
			proxyType = 1;
			remoteGlobalIDString = B67E162824738D4300CA5496;
			remoteInfo = SampleMVVM;
		};
/* End PBXContainerItemProxy section */

/* Begin PBXFileReference section */
		B67E162924738D4300CA5496 /* SampleMVVM.app */ = {isa = PBXFileReference; explicitFileType = wrapper.application; includeInIndex = 0; path = SampleMVVM.app; sourceTree = BUILT_PRODUCTS_DIR; };
		B67E162C24738D4300CA5496 /* AppDelegate.swift */ = {isa = PBXFileReference; lastKnownFileType = sourcecode.swift; path = AppDelegate.swift; sourceTree = "<group>"; };
		B67E162E24738D4300CA5496 /* SceneDelegate.swift */ = {isa = PBXFileReference; lastKnownFileType = sourcecode.swift; path = SceneDelegate.swift; sourceTree = "<group>"; };
		B67E163024738D4300CA5496 /* ModuleViewController.swift */ = {isa = PBXFileReference; lastKnownFileType = sourcecode.swift; path = ModuleViewController.swift; sourceTree = "<group>"; };
		B67E163324738D4300CA5496 /* Base */ = {isa = PBXFileReference; lastKnownFileType = file.storyboard; name = Base; path = Base.lproj/Main.storyboard; sourceTree = "<group>"; };
		B67E163524738D4600CA5496 /* Assets.xcassets */ = {isa = PBXFileReference; lastKnownFileType = folder.assetcatalog; path = Assets.xcassets; sourceTree = "<group>"; };
		B67E163824738D4600CA5496 /* Base */ = {isa = PBXFileReference; lastKnownFileType = file.storyboard; name = Base; path = Base.lproj/LaunchScreen.storyboard; sourceTree = "<group>"; };
		B67E163A24738D4600CA5496 /* Info.plist */ = {isa = PBXFileReference; lastKnownFileType = text.plist.xml; path = Info.plist; sourceTree = "<group>"; };
		B67E163F24738D4600CA5496 /* SampleMVVMTests.xctest */ = {isa = PBXFileReference; explicitFileType = wrapper.cfbundle; includeInIndex = 0; path = SampleMVVMTests.xctest; sourceTree = BUILT_PRODUCTS_DIR; };
		B67E164324738D4600CA5496 /* SampleMVVMTests.swift */ = {isa = PBXFileReference; lastKnownFileType = sourcecode.swift; path = SampleMVVMTests.swift; sourceTree = "<group>"; };
		B67E164524738D4600CA5496 /* Info.plist */ = {isa = PBXFileReference; lastKnownFileType = text.plist.xml; path = Info.plist; sourceTree = "<group>"; };
		B67E165D24738E5500CA5496 /* site-debug.xcconfig */ = {isa = PBXFileReference; fileEncoding = 4; lastKnownFileType = text.xcconfig; path = "site-debug.xcconfig"; sourceTree = "<group>"; };
		B67E165E24738E5500CA5496 /* Module.swift */ = {isa = PBXFileReference; fileEncoding = 4; lastKnownFileType = sourcecode.swift; path = Module.swift; sourceTree = "<group>"; };
		B67E165F24738E5500CA5496 /* site-prod.xcconfig */ = {isa = PBXFileReference; fileEncoding = 4; lastKnownFileType = text.xcconfig; path = "site-prod.xcconfig"; sourceTree = "<group>"; };
		B67E166024738E5500CA5496 /* ConfigProvider.swift */ = {isa = PBXFileReference; fileEncoding = 4; lastKnownFileType = sourcecode.swift; path = ConfigProvider.swift; sourceTree = "<group>"; };
		B67E166124738E5500CA5496 /* site-staging.xcconfig */ = {isa = PBXFileReference; fileEncoding = 4; lastKnownFileType = text.xcconfig; path = "site-staging.xcconfig"; sourceTree = "<group>"; };
		B67E166A24738EAA00CA5496 /* ModuleViewModel.swift */ = {isa = PBXFileReference; lastKnownFileType = sourcecode.swift; path = ModuleViewModel.swift; sourceTree = "<group>"; };
/* End PBXFileReference section */

/* Begin PBXFrameworksBuildPhase section */
		B67E162624738D4300CA5496 /* Frameworks */ = {
			isa = PBXFrameworksBuildPhase;
			buildActionMask = 2147483647;
			files = (
			);
			runOnlyForDeploymentPostprocessing = 0;
		};
		B67E163C24738D4600CA5496 /* Frameworks */ = {
			isa = PBXFrameworksBuildPhase;
			buildActionMask = 2147483647;
			files = (
			);
			runOnlyForDeploymentPostprocessing = 0;
		};
/* End PBXFrameworksBuildPhase section */

/* Begin PBXGroup section */
		B67E162024738D4300CA5496 = {
			isa = PBXGroup;
			children = (
				B67E162B24738D4300CA5496 /* SampleMVVM */,
				B67E164224738D4600CA5496 /* SampleMVVMTests */,
				B67E162A24738D4300CA5496 /* Products */,
			);
			sourceTree = "<group>";
		};
		B67E162A24738D4300CA5496 /* Products */ = {
			isa = PBXGroup;
			children = (
				B67E162924738D4300CA5496 /* SampleMVVM.app */,
				B67E163F24738D4600CA5496 /* SampleMVVMTests.xctest */,
			);
			name = Products;
			sourceTree = "<group>";
		};
		B67E162B24738D4300CA5496 /* SampleMVVM */ = {
			isa = PBXGroup;
			children = (
				B67E163A24738D4600CA5496 /* Info.plist */,
				B67E163524738D4600CA5496 /* Assets.xcassets */,
				B67E165A24738DA800CA5496 /* Application */,
				B67E166824738E7400CA5496 /* Configuration */,
				B67E166724738E6B00CA5496 /* Module */,
				B67E166924738E8200CA5496 /* View */,
			);
			path = SampleMVVM;
			sourceTree = "<group>";
		};
		B67E164224738D4600CA5496 /* SampleMVVMTests */ = {
			isa = PBXGroup;
			children = (
				B67E164324738D4600CA5496 /* SampleMVVMTests.swift */,
				B67E164524738D4600CA5496 /* Info.plist */,
			);
			path = SampleMVVMTests;
			sourceTree = "<group>";
		};
		B67E165A24738DA800CA5496 /* Application */ = {
			isa = PBXGroup;
			children = (
				B67E162C24738D4300CA5496 /* AppDelegate.swift */,
				B67E162E24738D4300CA5496 /* SceneDelegate.swift */,
			);
			path = Application;
			sourceTree = "<group>";
		};
		B67E166724738E6B00CA5496 /* Module */ = {
			isa = PBXGroup;
			children = (
				B67E165E24738E5500CA5496 /* Module.swift */,
				B67E163024738D4300CA5496 /* ModuleViewController.swift */,
				B67E166A24738EAA00CA5496 /* ModuleViewModel.swift */,
			);
			path = Module;
			sourceTree = "<group>";
		};
		B67E166824738E7400CA5496 /* Configuration */ = {
			isa = PBXGroup;
			children = (
				B67E166024738E5500CA5496 /* ConfigProvider.swift */,
				B67E165D24738E5500CA5496 /* site-debug.xcconfig */,
				B67E165F24738E5500CA5496 /* site-prod.xcconfig */,
				B67E166124738E5500CA5496 /* site-staging.xcconfig */,
			);
			path = Configuration;
			sourceTree = "<group>";
		};
		B67E166924738E8200CA5496 /* View */ = {
			isa = PBXGroup;
			children = (
				B67E163224738D4300CA5496 /* Main.storyboard */,
				B67E163724738D4600CA5496 /* LaunchScreen.storyboard */,
			);
			path = View;
			sourceTree = "<group>";
		};
/* End PBXGroup section */

/* Begin PBXNativeTarget section */
		B67E162824738D4300CA5496 /* SampleMVVM */ = {
			isa = PBXNativeTarget;
			buildConfigurationList = B67E164824738D4600CA5496 /* Build configuration list for PBXNativeTarget "SampleMVVM" */;
			buildPhases = (
				B67E162524738D4300CA5496 /* Sources */,
				B67E162624738D4300CA5496 /* Frameworks */,
				B67E162724738D4300CA5496 /* Resources */,
			);
			buildRules = (
			);
			dependencies = (
			);
			name = SampleMVVM;
			productName = SampleMVVM;
			productReference = B67E162924738D4300CA5496 /* SampleMVVM.app */;
			productType = "com.apple.product-type.application";
		};
		B67E163E24738D4600CA5496 /* SampleMVVMTests */ = {
			isa = PBXNativeTarget;
			buildConfigurationList = B67E164B24738D4600CA5496 /* Build configuration list for PBXNativeTarget "SampleMVVMTests" */;
			buildPhases = (
				B67E163B24738D4600CA5496 /* Sources */,
				B67E163C24738D4600CA5496 /* Frameworks */,
				B67E163D24738D4600CA5496 /* Resources */,
			);
			buildRules = (
			);
			dependencies = (
				B67E164124738D4600CA5496 /* PBXTargetDependency */,
			);
			name = SampleMVVMTests;
			productName = SampleMVVMTests;
			productReference = B67E163F24738D4600CA5496 /* SampleMVVMTests.xctest */;
			productType = "com.apple.product-type.bundle.unit-test";
		};
/* End PBXNativeTarget section */

/* Begin PBXProject section */
		B67E162124738D4300CA5496 /* Project object */ = {
			isa = PBXProject;
			attributes = {
				LastSwiftUpdateCheck = 1130;
				LastUpgradeCheck = 1130;
				ORGANIZATIONNAME = "Karthik Aiyer";
				TargetAttributes = {
					B67E162824738D4300CA5496 = {
						CreatedOnToolsVersion = 11.3.1;
					};
					B67E163E24738D4600CA5496 = {
						CreatedOnToolsVersion = 11.3.1;
						TestTargetID = B67E162824738D4300CA5496;
					};
				};
			};
			buildConfigurationList = B67E162424738D4300CA5496 /* Build configuration list for PBXProject "SampleMVVM" */;
			compatibilityVersion = "Xcode 9.3";
			developmentRegion = en;
			hasScannedForEncodings = 0;
			knownRegions = (
				en,
				Base,
			);
			mainGroup = B67E162024738D4300CA5496;
			productRefGroup = B67E162A24738D4300CA5496 /* Products */;
			projectDirPath = "";
			projectRoot = "";
			targets = (
				B67E162824738D4300CA5496 /* SampleMVVM */,
				B67E163E24738D4600CA5496 /* SampleMVVMTests */,
			);
		};
/* End PBXProject section */

/* Begin PBXResourcesBuildPhase section */
		B67E162724738D4300CA5496 /* Resources */ = {
			isa = PBXResourcesBuildPhase;
			buildActionMask = 2147483647;
			files = (
				B67E163924738D4600CA5496 /* LaunchScreen.storyboard in Resources */,
				B67E163624738D4600CA5496 /* Assets.xcassets in Resources */,
				B67E163424738D4300CA5496 /* Main.storyboard in Resources */,
				B67E166624738E5500CA5496 /* site-staging.xcconfig in Resources */,
				B67E166424738E5500CA5496 /* site-prod.xcconfig in Resources */,
				B67E166224738E5500CA5496 /* site-debug.xcconfig in Resources */,
			);
			runOnlyForDeploymentPostprocessing = 0;
		};
		B67E163D24738D4600CA5496 /* Resources */ = {
			isa = PBXResourcesBuildPhase;
			buildActionMask = 2147483647;
			files = (
			);
			runOnlyForDeploymentPostprocessing = 0;
		};
/* End PBXResourcesBuildPhase section */

/* Begin PBXSourcesBuildPhase section */
		B67E162524738D4300CA5496 /* Sources */ = {
			isa = PBXSourcesBuildPhase;
			buildActionMask = 2147483647;
			files = (
				B67E163124738D4300CA5496 /* ModuleViewController.swift in Sources */,
				B67E166324738E5500CA5496 /* Module.swift in Sources */,
				B67E166524738E5500CA5496 /* ConfigProvider.swift in Sources */,
				B67E162D24738D4300CA5496 /* AppDelegate.swift in Sources */,
				B67E166B24738EAA00CA5496 /* ModuleViewModel.swift in Sources */,
				B67E162F24738D4300CA5496 /* SceneDelegate.swift in Sources */,
			);
			runOnlyForDeploymentPostprocessing = 0;
		};
		B67E163B24738D4600CA5496 /* Sources */ = {
			isa = PBXSourcesBuildPhase;
			buildActionMask = 2147483647;
			files = (
				B67E164424738D4600CA5496 /* SampleMVVMTests.swift in Sources */,
			);
			runOnlyForDeploymentPostprocessing = 0;
		};
/* End PBXSourcesBuildPhase section */

/* Begin PBXTargetDependency section */
		B67E164124738D4600CA5496 /* PBXTargetDependency */ = {
			isa = PBXTargetDependency;
			target = B67E162824738D4300CA5496 /* SampleMVVM */;
			targetProxy = B67E164024738D4600CA5496 /* PBXContainerItemProxy */;
		};
/* End PBXTargetDependency section */

/* Begin PBXVariantGroup section */
		B67E163224738D4300CA5496 /* Main.storyboard */ = {
			isa = PBXVariantGroup;
			children = (
				B67E163324738D4300CA5496 /* Base */,
			);
			name = Main.storyboard;
			sourceTree = "<group>";
		};
		B67E163724738D4600CA5496 /* LaunchScreen.storyboard */ = {
			isa = PBXVariantGroup;
			children = (
				B67E163824738D4600CA5496 /* Base */,
			);
			name = LaunchScreen.storyboard;
			sourceTree = "<group>";
		};
/* End PBXVariantGroup section */

/* Begin XCBuildConfiguration section */
		B664FBD92473ADD200228C04 /* Staging */ = {
			isa = XCBuildConfiguration;
			buildSettings = {
				ALWAYS_SEARCH_USER_PATHS = NO;
				CLANG_ANALYZER_NONNULL = YES;
				CLANG_ANALYZER_NUMBER_OBJECT_CONVERSION = YES_AGGRESSIVE;
				CLANG_CXX_LANGUAGE_STANDARD = "gnu++14";
				CLANG_CXX_LIBRARY = "libc++";
				CLANG_ENABLE_MODULES = YES;
				CLANG_ENABLE_OBJC_ARC = YES;
				CLANG_ENABLE_OBJC_WEAK = YES;
				CLANG_WARN_BLOCK_CAPTURE_AUTORELEASING = YES;
				CLANG_WARN_BOOL_CONVERSION = YES;
				CLANG_WARN_COMMA = YES;
				CLANG_WARN_CONSTANT_CONVERSION = YES;
				CLANG_WARN_DEPRECATED_OBJC_IMPLEMENTATIONS = YES;
				CLANG_WARN_DIRECT_OBJC_ISA_USAGE = YES_ERROR;
				CLANG_WARN_DOCUMENTATION_COMMENTS = YES;
				CLANG_WARN_EMPTY_BODY = YES;
				CLANG_WARN_ENUM_CONVERSION = YES;
				CLANG_WARN_INFINITE_RECURSION = YES;
				CLANG_WARN_INT_CONVERSION = YES;
				CLANG_WARN_NON_LITERAL_NULL_CONVERSION = YES;
				CLANG_WARN_OBJC_IMPLICIT_RETAIN_SELF = YES;
				CLANG_WARN_OBJC_LITERAL_CONVERSION = YES;
				CLANG_WARN_OBJC_ROOT_CLASS = YES_ERROR;
				CLANG_WARN_RANGE_LOOP_ANALYSIS = YES;
				CLANG_WARN_STRICT_PROTOTYPES = YES;
				CLANG_WARN_SUSPICIOUS_MOVE = YES;
				CLANG_WARN_UNGUARDED_AVAILABILITY = YES_AGGRESSIVE;
				CLANG_WARN_UNREACHABLE_CODE = YES;
				CLANG_WARN__DUPLICATE_METHOD_MATCH = YES;
				COPY_PHASE_STRIP = NO;
				DEBUG_INFORMATION_FORMAT = "dwarf-with-dsym";
				ENABLE_NS_ASSERTIONS = NO;
				ENABLE_STRICT_OBJC_MSGSEND = YES;
				GCC_C_LANGUAGE_STANDARD = gnu11;
				GCC_NO_COMMON_BLOCKS = YES;
				GCC_WARN_64_TO_32_BIT_CONVERSION = YES;
				GCC_WARN_ABOUT_RETURN_TYPE = YES_ERROR;
				GCC_WARN_UNDECLARED_SELECTOR = YES;
				GCC_WARN_UNINITIALIZED_AUTOS = YES_AGGRESSIVE;
				GCC_WARN_UNUSED_FUNCTION = YES;
				GCC_WARN_UNUSED_VARIABLE = YES;
				IPHONEOS_DEPLOYMENT_TARGET = 13.2;
				MTL_ENABLE_DEBUG_INFO = NO;
				MTL_FAST_MATH = YES;
				SDKROOT = iphoneos;
				SWIFT_COMPILATION_MODE = wholemodule;
				SWIFT_OPTIMIZATION_LEVEL = "-O";
				VALIDATE_PRODUCT = YES;
			};
			name = Staging;
		};
		B664FBDA2473ADD200228C04 /* Staging */ = {
			isa = XCBuildConfiguration;
			buildSettings = {
				ASSETCATALOG_COMPILER_APPICON_NAME = AppIconStaging;
				CODE_SIGN_STYLE = Automatic;
				DEVELOPMENT_TEAM = ETGY6SE22U;
				INFOPLIST_FILE = SampleMVVM/Info.plist;
				LD_RUNPATH_SEARCH_PATHS = (
					"$(inherited)",
					"@executable_path/Frameworks",
				);
				PRODUCT_BUNDLE_IDENTIFIER = com.company.samples.SampleMVVM;
				PRODUCT_NAME = "$(TARGET_NAME)";
				SWIFT_VERSION = 5.0;
				TARGETED_DEVICE_FAMILY = "1,2";
			};
			name = Staging;
		};
		B664FBDB2473ADD200228C04 /* Staging */ = {
			isa = XCBuildConfiguration;
			buildSettings = {
				ALWAYS_EMBED_SWIFT_STANDARD_LIBRARIES = YES;
				BUNDLE_LOADER = "$(TEST_HOST)";
				CODE_SIGN_STYLE = Automatic;
				DEVELOPMENT_TEAM = ETGY6SE22U;
				INFOPLIST_FILE = SampleMVVMTests/Info.plist;
				IPHONEOS_DEPLOYMENT_TARGET = 13.2;
				LD_RUNPATH_SEARCH_PATHS = (
					"$(inherited)",
					"@executable_path/Frameworks",
					"@loader_path/Frameworks",
				);
				PRODUCT_BUNDLE_IDENTIFIER = com.company.samples.SampleMVVMTests;
				PRODUCT_NAME = "$(TARGET_NAME)";
				SWIFT_VERSION = 5.0;
				TARGETED_DEVICE_FAMILY = "1,2";
				TEST_HOST = "$(BUILT_PRODUCTS_DIR)/SampleMVVM.app/SampleMVVM";
			};
			name = Staging;
		};
		B67E164624738D4600CA5496 /* Debug */ = {
			isa = XCBuildConfiguration;
			buildSettings = {
				ALWAYS_SEARCH_USER_PATHS = NO;
				CLANG_ANALYZER_NONNULL = YES;
				CLANG_ANALYZER_NUMBER_OBJECT_CONVERSION = YES_AGGRESSIVE;
				CLANG_CXX_LANGUAGE_STANDARD = "gnu++14";
				CLANG_CXX_LIBRARY = "libc++";
				CLANG_ENABLE_MODULES = YES;
				CLANG_ENABLE_OBJC_ARC = YES;
				CLANG_ENABLE_OBJC_WEAK = YES;
				CLANG_WARN_BLOCK_CAPTURE_AUTORELEASING = YES;
				CLANG_WARN_BOOL_CONVERSION = YES;
				CLANG_WARN_COMMA = YES;
				CLANG_WARN_CONSTANT_CONVERSION = YES;
				CLANG_WARN_DEPRECATED_OBJC_IMPLEMENTATIONS = YES;
				CLANG_WARN_DIRECT_OBJC_ISA_USAGE = YES_ERROR;
				CLANG_WARN_DOCUMENTATION_COMMENTS = YES;
				CLANG_WARN_EMPTY_BODY = YES;
				CLANG_WARN_ENUM_CONVERSION = YES;
				CLANG_WARN_INFINITE_RECURSION = YES;
				CLANG_WARN_INT_CONVERSION = YES;
				CLANG_WARN_NON_LITERAL_NULL_CONVERSION = YES;
				CLANG_WARN_OBJC_IMPLICIT_RETAIN_SELF = YES;
				CLANG_WARN_OBJC_LITERAL_CONVERSION = YES;
				CLANG_WARN_OBJC_ROOT_CLASS = YES_ERROR;
				CLANG_WARN_RANGE_LOOP_ANALYSIS = YES;
				CLANG_WARN_STRICT_PROTOTYPES = YES;
				CLANG_WARN_SUSPICIOUS_MOVE = YES;
				CLANG_WARN_UNGUARDED_AVAILABILITY = YES_AGGRESSIVE;
				CLANG_WARN_UNREACHABLE_CODE = YES;
				CLANG_WARN__DUPLICATE_METHOD_MATCH = YES;
				COPY_PHASE_STRIP = NO;
				DEBUG_INFORMATION_FORMAT = dwarf;
				ENABLE_STRICT_OBJC_MSGSEND = YES;
				ENABLE_TESTABILITY = YES;
				GCC_C_LANGUAGE_STANDARD = gnu11;
				GCC_DYNAMIC_NO_PIC = NO;
				GCC_NO_COMMON_BLOCKS = YES;
				GCC_OPTIMIZATION_LEVEL = 0;
				GCC_PREPROCESSOR_DEFINITIONS = (
					"DEBUG=1",
					"$(inherited)",
				);
				GCC_WARN_64_TO_32_BIT_CONVERSION = YES;
				GCC_WARN_ABOUT_RETURN_TYPE = YES_ERROR;
				GCC_WARN_UNDECLARED_SELECTOR = YES;
				GCC_WARN_UNINITIALIZED_AUTOS = YES_AGGRESSIVE;
				GCC_WARN_UNUSED_FUNCTION = YES;
				GCC_WARN_UNUSED_VARIABLE = YES;
				IPHONEOS_DEPLOYMENT_TARGET = 13.2;
				MTL_ENABLE_DEBUG_INFO = INCLUDE_SOURCE;
				MTL_FAST_MATH = YES;
				ONLY_ACTIVE_ARCH = YES;
				SDKROOT = iphoneos;
				SWIFT_ACTIVE_COMPILATION_CONDITIONS = DEBUG;
				SWIFT_OPTIMIZATION_LEVEL = "-Onone";
			};
			name = Debug;
		};
		B67E164724738D4600CA5496 /* Release */ = {
			isa = XCBuildConfiguration;
			buildSettings = {
				ALWAYS_SEARCH_USER_PATHS = NO;
				CLANG_ANALYZER_NONNULL = YES;
				CLANG_ANALYZER_NUMBER_OBJECT_CONVERSION = YES_AGGRESSIVE;
				CLANG_CXX_LANGUAGE_STANDARD = "gnu++14";
				CLANG_CXX_LIBRARY = "libc++";
				CLANG_ENABLE_MODULES = YES;
				CLANG_ENABLE_OBJC_ARC = YES;
				CLANG_ENABLE_OBJC_WEAK = YES;
				CLANG_WARN_BLOCK_CAPTURE_AUTORELEASING = YES;
				CLANG_WARN_BOOL_CONVERSION = YES;
				CLANG_WARN_COMMA = YES;
				CLANG_WARN_CONSTANT_CONVERSION = YES;
				CLANG_WARN_DEPRECATED_OBJC_IMPLEMENTATIONS = YES;
				CLANG_WARN_DIRECT_OBJC_ISA_USAGE = YES_ERROR;
				CLANG_WARN_DOCUMENTATION_COMMENTS = YES;
				CLANG_WARN_EMPTY_BODY = YES;
				CLANG_WARN_ENUM_CONVERSION = YES;
				CLANG_WARN_INFINITE_RECURSION = YES;
				CLANG_WARN_INT_CONVERSION = YES;
				CLANG_WARN_NON_LITERAL_NULL_CONVERSION = YES;
				CLANG_WARN_OBJC_IMPLICIT_RETAIN_SELF = YES;
				CLANG_WARN_OBJC_LITERAL_CONVERSION = YES;
				CLANG_WARN_OBJC_ROOT_CLASS = YES_ERROR;
				CLANG_WARN_RANGE_LOOP_ANALYSIS = YES;
				CLANG_WARN_STRICT_PROTOTYPES = YES;
				CLANG_WARN_SUSPICIOUS_MOVE = YES;
				CLANG_WARN_UNGUARDED_AVAILABILITY = YES_AGGRESSIVE;
				CLANG_WARN_UNREACHABLE_CODE = YES;
				CLANG_WARN__DUPLICATE_METHOD_MATCH = YES;
				COPY_PHASE_STRIP = NO;
				DEBUG_INFORMATION_FORMAT = "dwarf-with-dsym";
				ENABLE_NS_ASSERTIONS = NO;
				ENABLE_STRICT_OBJC_MSGSEND = YES;
				GCC_C_LANGUAGE_STANDARD = gnu11;
				GCC_NO_COMMON_BLOCKS = YES;
				GCC_WARN_64_TO_32_BIT_CONVERSION = YES;
				GCC_WARN_ABOUT_RETURN_TYPE = YES_ERROR;
				GCC_WARN_UNDECLARED_SELECTOR = YES;
				GCC_WARN_UNINITIALIZED_AUTOS = YES_AGGRESSIVE;
				GCC_WARN_UNUSED_FUNCTION = YES;
				GCC_WARN_UNUSED_VARIABLE = YES;
				IPHONEOS_DEPLOYMENT_TARGET = 13.2;
				MTL_ENABLE_DEBUG_INFO = NO;
				MTL_FAST_MATH = YES;
				SDKROOT = iphoneos;
				SWIFT_COMPILATION_MODE = wholemodule;
				SWIFT_OPTIMIZATION_LEVEL = "-O";
				VALIDATE_PRODUCT = YES;
			};
			name = Release;
		};
		B67E164924738D4600CA5496 /* Debug */ = {
			isa = XCBuildConfiguration;
			buildSettings = {
				ASSETCATALOG_COMPILER_APPICON_NAME = AppIconDebug;
				CODE_SIGN_STYLE = Automatic;
				DEVELOPMENT_TEAM = ETGY6SE22U;
				INFOPLIST_FILE = SampleMVVM/Info.plist;
				LD_RUNPATH_SEARCH_PATHS = (
					"$(inherited)",
					"@executable_path/Frameworks",
				);
				PRODUCT_BUNDLE_IDENTIFIER = com.company.samples.SampleMVVM;
				PRODUCT_NAME = "$(TARGET_NAME)";
				SWIFT_VERSION = 5.0;
				TARGETED_DEVICE_FAMILY = "1,2";
			};
			name = Debug;
		};
		B67E164A24738D4600CA5496 /* Release */ = {
			isa = XCBuildConfiguration;
			buildSettings = {
				ASSETCATALOG_COMPILER_APPICON_NAME = AppIcon;
				CODE_SIGN_STYLE = Automatic;
				DEVELOPMENT_TEAM = ETGY6SE22U;
				INFOPLIST_FILE = SampleMVVM/Info.plist;
				LD_RUNPATH_SEARCH_PATHS = (
					"$(inherited)",
					"@executable_path/Frameworks",
				);
				PRODUCT_BUNDLE_IDENTIFIER = com.company.samples.SampleMVVM;
				PRODUCT_NAME = "$(TARGET_NAME)";
				SWIFT_VERSION = 5.0;
				TARGETED_DEVICE_FAMILY = "1,2";
			};
			name = Release;
		};
		B67E164C24738D4600CA5496 /* Debug */ = {
			isa = XCBuildConfiguration;
			buildSettings = {
				ALWAYS_EMBED_SWIFT_STANDARD_LIBRARIES = YES;
				BUNDLE_LOADER = "$(TEST_HOST)";
				CODE_SIGN_STYLE = Automatic;
				DEVELOPMENT_TEAM = ETGY6SE22U;
				INFOPLIST_FILE = SampleMVVMTests/Info.plist;
				IPHONEOS_DEPLOYMENT_TARGET = 13.2;
				LD_RUNPATH_SEARCH_PATHS = (
					"$(inherited)",
					"@executable_path/Frameworks",
					"@loader_path/Frameworks",
				);
				PRODUCT_BUNDLE_IDENTIFIER = com.company.samples.SampleMVVMTests;
				PRODUCT_NAME = "$(TARGET_NAME)";
				SWIFT_VERSION = 5.0;
				TARGETED_DEVICE_FAMILY = "1,2";
				TEST_HOST = "$(BUILT_PRODUCTS_DIR)/SampleMVVM.app/SampleMVVM";
			};
			name = Debug;
		};
		B67E164D24738D4600CA5496 /* Release */ = {
			isa = XCBuildConfiguration;
			buildSettings = {
				ALWAYS_EMBED_SWIFT_STANDARD_LIBRARIES = YES;
				BUNDLE_LOADER = "$(TEST_HOST)";
				CODE_SIGN_STYLE = Automatic;
				DEVELOPMENT_TEAM = ETGY6SE22U;
				INFOPLIST_FILE = SampleMVVMTests/Info.plist;
				IPHONEOS_DEPLOYMENT_TARGET = 13.2;
				LD_RUNPATH_SEARCH_PATHS = (
					"$(inherited)",
					"@executable_path/Frameworks",
					"@loader_path/Frameworks",
				);
				PRODUCT_BUNDLE_IDENTIFIER = com.company.samples.SampleMVVMTests;
				PRODUCT_NAME = "$(TARGET_NAME)";
				SWIFT_VERSION = 5.0;
				TARGETED_DEVICE_FAMILY = "1,2";
				TEST_HOST = "$(BUILT_PRODUCTS_DIR)/SampleMVVM.app/SampleMVVM";
			};
			name = Release;
		};
/* End XCBuildConfiguration section */

/* Begin XCConfigurationList section */
		B67E162424738D4300CA5496 /* Build configuration list for PBXProject "SampleMVVM" */ = {
			isa = XCConfigurationList;
			buildConfigurations = (
				B67E164624738D4600CA5496 /* Debug */,
				B67E164724738D4600CA5496 /* Release */,
				B664FBD92473ADD200228C04 /* Staging */,
			);
			defaultConfigurationIsVisible = 0;
			defaultConfigurationName = Release;
		};
		B67E164824738D4600CA5496 /* Build configuration list for PBXNativeTarget "SampleMVVM" */ = {
			isa = XCConfigurationList;
			buildConfigurations = (
				B67E164924738D4600CA5496 /* Debug */,
				B67E164A24738D4600CA5496 /* Release */,
				B664FBDA2473ADD200228C04 /* Staging */,
			);
			defaultConfigurationIsVisible = 0;
			defaultConfigurationName = Release;
		};
		B67E164B24738D4600CA5496 /* Build configuration list for PBXNativeTarget "SampleMVVMTests" */ = {
			isa = XCConfigurationList;
			buildConfigurations = (
				B67E164C24738D4600CA5496 /* Debug */,
				B67E164D24738D4600CA5496 /* Release */,
				B664FBDB2473ADD200228C04 /* Staging */,
			);
			defaultConfigurationIsVisible = 0;
			defaultConfigurationName = Release;
		};
/* End XCConfigurationList section */
	};
	rootObject = B67E162124738D4300CA5496 /* Project object */;
}
